
Microsoft Visual Studio Solution File, Format Version 12.00
# Visual Studio 15
VisualStudioVersion = 15.0.28307.421
MinimumVisualStudioVersion = 10.0.40219.1
Project("{FAE04EC0-301F-11D3-BF4B-00C04F79EFBC}") = "QLTratTuPhuong", "QLTratTuPhuong\QLTratTuPhuong.csproj", "{51A7E146-0EC5-4363-BD4F-7AF73C4BFFBC}"
EndProject
Global
	GlobalSection(SolutionConfigurationPlatforms) = preSolution
		Debug|Any CPU = Debug|Any CPU
		Release|Any CPU = Release|Any CPU
	EndGlobalSection
	GlobalSection(ProjectConfigurationPlatforms) = postSolution
		{51A7E146-0EC5-4363-BD4F-7AF73C4BFFBC}.Debug|Any CPU.ActiveCfg = Debug|Any CPU
		{51A7E146-0EC5-4363-BD4F-7AF73C4BFFBC}.Debug|Any CPU.Build.0 = Debug|Any CPU
		{51A7E146-0EC5-4363-BD4F-7AF73C4BFFBC}.Release|Any CPU.ActiveCfg = Release|Any CPU
		{51A7E146-0EC5-4363-BD4F-7AF73C4BFFBC}.Release|Any CPU.Build.0 = Release|Any CPU
	EndGlobalSection
	GlobalSection(SolutionProperties) = preSolution
		HideSolutionNode = FALSE
	EndGlobalSection
	GlobalSection(ExtensibilityGlobals) = postSolution
		SolutionGuid = {662215F7-151F-492E-91DA-C1BF0C1C25DE}
	EndGlobalSection
EndGlobal
